<?xml version="1.0" encoding="utf-8"?>
<Project ToolsVersion="4.0" xmlns="http://schemas.microsoft.com/developer/msbuild/2003">
  <ItemGroup>
    <Filter Include="Source Files">
      <UniqueIdentifier>{4FC737F1-C7A5-4376-A066-2A32D752A2FF}</UniqueIdentifier>
      <Extensions>cpp;c;cc;cxx;c++;cppm;ixx;def;odl;idl;hpj;bat;asm;asmx</Extensions>
    </Filter>
    <Filter Include="Header Files">
      <UniqueIdentifier>{93995380-89BD-4b04-88EB-625FBE52EBFB}</UniqueIdentifier>
      <Extensions>h;hh;hpp;hxx;h++;hm;inl;inc;ipp;xsd</Extensions>
    </Filter>
    <Filter Include="Resource Files">
      <UniqueIdentifier>{67DA6AB6-F800-4c08-8B7A-83BB121AAD01}</UniqueIdentifier>
      <Extensions>rc;ico;cur;bmp;dlg;rc2;rct;bin;rgs;gif;jpg;jpeg;jpe;resx;tiff;tif;png;wav;mfcribbon-ms</Extensions>
    </Filter>
  </ItemGroup>
  <ItemGroup>
    <ClCompile Include="MainFrame.cpp">
      <Filter>Source Files</Filter>
    </ClCompile>
    <ClCompile Include="App.cpp">
      <Filter>Source Files</Filter>
    </ClCompile>
    <ClCompile Include="Character.cpp">
      <Filter>Source Files</Filter>
    </ClCompile>
    <ClCompile Include="CharClass.cpp">
      <Filter>Source Files</Filter>
    </ClCompile>
    <ClCompile Include="Item.cpp">
      <Filter>Source Files</Filter>
    </ClCompile>
    <ClCompile Include="Spells.cpp">
      <Filter>Source Files</Filter>
    </ClCompile>
    <ClCompile Include="SpellSlot.cpp">
      <Filter>Source Files</Filter>
    </ClCompile>
    <ClCompile Include="MoneyDialog.cpp">
      <Filter>Source Files</Filter>
    </ClCompile>
    <ClCompile Include="FeatureDialog.cpp">
      <Filter>Source Files</Filter>
    </ClCompile>
    <ClCompile Include="DeathSavesControl.cpp">
      <Filter>Source Files</Filter>
    </ClCompile>
    <ClCompile Include="SpellSelectDialog.cpp">
      <Filter>Source Files</Filter>
    </ClCompile>
    <ClCompile Include="SliderDialog.cpp">
      <Filter>Source Files</Filter>
    </ClCompile>
    <ClCompile Include="SliderRemDialog.cpp">
      <Filter>Source Files</Filter>
    </ClCompile>
    <ClCompile Include="ConditionDialog.cpp">
      <Filter>Source Files</Filter>
    </ClCompile>
    <ClCompile Include="AddCondDialog.cpp">
      <Filter>Source Files</Filter>
    </ClCompile>
    <ClCompile Include="StatsDialog.cpp">
      <Filter>Source Files</Filter>
    </ClCompile>
    <ClCompile Include="SkillProfDialog.cpp">
      <Filter>Source Files</Filter>
    </ClCompile>
    <ClCompile Include="Util.cpp">
      <Filter>Source Files</Filter>
    </ClCompile>
    <ClCompile Include="DiceRollerDialog.cpp">
      <Filter>Source Files</Filter>
    </ClCompile>
  </ItemGroup>
  <ItemGroup>
    <ClInclude Include="MainFrame.h">
      <Filter>Header Files</Filter>
    </ClInclude>
    <ClInclude Include="App.h">
      <Filter>Header Files</Filter>
    </ClInclude>
    <ClInclude Include="Character.h">
      <Filter>Header Files</Filter>
    </ClInclude>
    <ClInclude Include="CharClass.h">
      <Filter>Header Files</Filter>
    </ClInclude>
    <ClInclude Include="Item.h">
      <Filter>Header Files</Filter>
    </ClInclude>
    <ClInclude Include="Spells.h">
      <Filter>Header Files</Filter>
    </ClInclude>
    <ClInclude Include="SpellSlot.h">
      <Filter>Header Files</Filter>
    </ClInclude>
    <ClInclude Include="MoneyDialog.h">
      <Filter>Header Files</Filter>
    </ClInclude>
    <ClInclude Include="FeatureDialog.h">
      <Filter>Header Files</Filter>
    </ClInclude>
    <ClInclude Include="DeathSavesControl.h">
      <Filter>Header Files</Filter>
    </ClInclude>
    <ClInclude Include="SpellSelectDialog.h">
      <Filter>Header Files</Filter>
    </ClInclude>
    <ClInclude Include="SliderDialog.h">
      <Filter>Header Files</Filter>
    </ClInclude>
    <ClInclude Include="SliderRemDialog.h">
      <Filter>Header Files</Filter>
    </ClInclude>
    <ClInclude Include="ConditionDialog.h">
      <Filter>Header Files</Filter>
    </ClInclude>
    <ClInclude Include="AddCondDialog.h">
      <Filter>Header Files</Filter>
    </ClInclude>
    <ClInclude Include="StatsDialog.h">
      <Filter>Header Files</Filter>
    </ClInclude>
    <ClInclude Include="SkillProfDialog.h">
      <Filter>Header Files</Filter>
    </ClInclude>
    <ClInclude Include="Util.h">
      <Filter>Header Files</Filter>
    </ClInclude>
    <ClInclude Include="DiceRollerDialog.h">
      <Filter>Header Files</Filter>
    </ClInclude>
  </ItemGroup>
</Project>